
Microsoft Visual Studio Solution File, Format Version 12.00
# Visual Studio Version 16
VisualStudioVersion = 16.0.31613.86
MinimumVisualStudioVersion = 10.0.40219.1
Project("{9A19103F-16F7-4668-BE54-9A1E7A4F7556}") = "Console_CRUD", "Console_CRUD\Console_CRUD.csproj", "{21E32AD1-1588-4925-A431-49C9B9269EE8}"
EndProject
Project("{9A19103F-16F7-4668-BE54-9A1E7A4F7556}") = "DAL", "ClassLibrary1\DAL.csproj", "{2827E24D-E3B8-40F4-B61C-B3B04362FAAB}"
EndProject
Global
	GlobalSection(SolutionConfigurationPlatforms) = preSolution
		Debug|Any CPU = Debug|Any CPU
		Release|Any CPU = Release|Any CPU
	EndGlobalSection
	GlobalSection(ProjectConfigurationPlatforms) = postSolution
		{21E32AD1-1588-4925-A431-49C9B9269EE8}.Debug|Any CPU.ActiveCfg = Debug|Any CPU
		{21E32AD1-1588-4925-A431-49C9B9269EE8}.Debug|Any CPU.Build.0 = Debug|Any CPU
		{21E32AD1-1588-4925-A431-49C9B9269EE8}.Release|Any CPU.ActiveCfg = Release|Any CPU
		{21E32AD1-1588-4925-A431-49C9B9269EE8}.Release|Any CPU.Build.0 = Release|Any CPU
		{2827E24D-E3B8-40F4-B61C-B3B04362FAAB}.Debug|Any CPU.ActiveCfg = Debug|Any CPU
		{2827E24D-E3B8-40F4-B61C-B3B04362FAAB}.Debug|Any CPU.Build.0 = Debug|Any CPU
		{2827E24D-E3B8-40F4-B61C-B3B04362FAAB}.Release|Any CPU.ActiveCfg = Release|Any CPU
		{2827E24D-E3B8-40F4-B61C-B3B04362FAAB}.Release|Any CPU.Build.0 = Release|Any CPU
	EndGlobalSection
	GlobalSection(SolutionProperties) = preSolution
		HideSolutionNode = FALSE
	EndGlobalSection
	GlobalSection(ExtensibilityGlobals) = postSolution
		SolutionGuid = {54C0E9D1-CCE0-4E31-9D63-FB87BA995DDE}
	EndGlobalSection
EndGlobal
